
Microsoft Visual Studio Solution File, Format Version 12.00
# Visual Studio Version 17
VisualStudioVersion = 17.1.32421.90
MinimumVisualStudioVersion = 10.0.40219.1
Project("{FAE04EC0-301F-11D3-BF4B-00C04F79EFBC}") = "Student-MVC", "Student-MVC\Student-MVC.csproj", "{729EDE01-6F7D-4DB9-BB91-5C0506221853}"
EndProject
Global
	GlobalSection(SolutionConfigurationPlatforms) = preSolution
		Debug|Any CPU = Debug|Any CPU
		Release|Any CPU = Release|Any CPU
	EndGlobalSection
	GlobalSection(ProjectConfigurationPlatforms) = postSolution
		{729EDE01-6F7D-4DB9-BB91-5C0506221853}.Debug|Any CPU.ActiveCfg = Debug|Any CPU
		{729EDE01-6F7D-4DB9-BB91-5C0506221853}.Debug|Any CPU.Build.0 = Debug|Any CPU
		{729EDE01-6F7D-4DB9-BB91-5C0506221853}.Release|Any CPU.ActiveCfg = Release|Any CPU
		{729EDE01-6F7D-4DB9-BB91-5C0506221853}.Release|Any CPU.Build.0 = Release|Any CPU
	EndGlobalSection
	GlobalSection(SolutionProperties) = preSolution
		HideSolutionNode = FALSE
	EndGlobalSection
	GlobalSection(ExtensibilityGlobals) = postSolution
		SolutionGuid = {A961E58A-889A-45BC-B431-8419D2E29821}
	EndGlobalSection
EndGlobal
